# THIS IS AN AUTOGENERATED FILE. DO NOT EDIT THIS FILE DIRECTLY.
# yarn lockfile v1


"axios@^0.24.0":
  "integrity" "sha512-Q6cWsys88HoPgAaFAVUb0WpPk0O8iTeisR9IMqy9G8AbO4NlpVknrnQS03zzF9PGAWgO3cgletO3VjV/P7VztA=="
  "resolved" "https://registry.npmjs.org/axios/-/axios-0.24.0.tgz"
  "version" "0.24.0"
  dependencies:
    "follow-redirects" "^1.14.4"

"create-html@^4.1.0":
  "integrity" "sha512-1BNjCqdLVJfhCdRDseyDg8NqYu4Y0ZOk09VC8GqAUdp4rfmfWRfvh77YBRJPLQDQN5qhHOvAnHMjEgy29DCuzg=="
  "resolved" "https://registry.npmjs.org/create-html/-/create-html-4.1.0.tgz"
  "version" "4.1.0"
  dependencies:
    "exit" "^0.1.2"
    "minimist" "^1.2.0"

"exit@^0.1.2":
  "integrity" "sha1-BjJjj42HfMghB9MKD/8aF8uhzQw="
  "resolved" "https://registry.npmjs.org/exit/-/exit-0.1.2.tgz"
  "version" "0.1.2"

"follow-redirects@^1.14.4":
  "integrity" "sha512-fhUl5EwSJbbl8AR+uYL2KQDxLkdSjZGR36xy46AO7cOMTrCMON6Sa28FmAnC2tRTDbd/Uuzz3aJBv7EBN7JH8A=="
  "resolved" "https://registry.npmjs.org/follow-redirects/-/follow-redirects-1.14.6.tgz"
  "version" "1.14.6"

"fs@^0.0.1-security":
  "integrity" "sha1-invTcYa23d84E/I4WLV+yq9eQdQ="
  "resolved" "https://registry.npmjs.org/fs/-/fs-0.0.1-security.tgz"
  "version" "0.0.1-security"

"minimist@^1.2.0":
  "integrity" "sha512-FM9nNUYrRBAELZQT3xeZQ7fmMOBg6nWNmJKTcgsJeaLstP/UODVpGsr5OhXhhXg6f+qtJ8uiZ+PUxkDWcgIXLw=="
  "resolved" "https://registry.npmjs.org/minimist/-/minimist-1.2.5.tgz"
  "version" "1.2.5"

"typescript@^4.5.4":
  "integrity" "sha512-VgYs2A2QIRuGphtzFV7aQJduJ2gyfTljngLzjpfW9FoYZF6xuw1W0vW9ghCKLfcWrCFxK81CSGRAvS1pn4fIUg=="
  "resolved" "https://registry.npmjs.org/typescript/-/typescript-4.5.4.tgz"
  "version" "4.5.4"
